
Microsoft Visual Studio Solution File, Format Version 12.00
# Visual Studio 2013
VisualStudioVersion = 12.0.21005.1
MinimumVisualStudioVersion = 10.0.40219.1
Project("{FAE04EC0-301F-11D3-BF4B-00C04F79EFBC}") = "Puppet", "Puppet\Puppet.csproj", "{FB38F509-0554-4136-A84B-E57F43260273}"
EndProject
Project("{FAE04EC0-301F-11D3-BF4B-00C04F79EFBC}") = "Core", "Core\Core.csproj", "{9E651B3B-66C6-43F1-9FB9-50E43847D227}"
EndProject
Global
	GlobalSection(SolutionConfigurationPlatforms) = preSolution
		Debug|Any CPU = Debug|Any CPU
		Release|Any CPU = Release|Any CPU
	EndGlobalSection
	GlobalSection(ProjectConfigurationPlatforms) = postSolution
		{FB38F509-0554-4136-A84B-E57F43260273}.Debug|Any CPU.ActiveCfg = Debug|Any CPU
		{FB38F509-0554-4136-A84B-E57F43260273}.Debug|Any CPU.Build.0 = Debug|Any CPU
		{FB38F509-0554-4136-A84B-E57F43260273}.Release|Any CPU.ActiveCfg = Release|Any CPU
		{FB38F509-0554-4136-A84B-E57F43260273}.Release|Any CPU.Build.0 = Release|Any CPU
		{9E651B3B-66C6-43F1-9FB9-50E43847D227}.Debug|Any CPU.ActiveCfg = Debug|Any CPU
		{9E651B3B-66C6-43F1-9FB9-50E43847D227}.Debug|Any CPU.Build.0 = Debug|Any CPU
		{9E651B3B-66C6-43F1-9FB9-50E43847D227}.Release|Any CPU.ActiveCfg = Release|Any CPU
		{9E651B3B-66C6-43F1-9FB9-50E43847D227}.Release|Any CPU.Build.0 = Release|Any CPU
	EndGlobalSection
	GlobalSection(SolutionProperties) = preSolution
		HideSolutionNode = FALSE
	EndGlobalSection
EndGlobal
